# This file is generated by running "yarn install" inside your project.
# Manual changes might be lost - proceed with caution!

__metadata:
  version: 6
  cacheKey: 8

"@types/node@npm:^22.2.0":
  version: 22.2.0
  resolution: "@types/node@npm:22.2.0"
  dependencies:
    undici-types: ~6.13.0
  checksum: 63724799337bfb57719a1992690e738341d824e1744a2ac52c5278a008fbfadf99765519c19858feb80418cc7da0d5c8bdf7ea4d82973869b3882bd602c48ade
  languageName: node
  linkType: hard

"algorithm-test@workspace:.":
  version: 0.0.0-use.local
  resolution: "algorithm-test@workspace:."
  dependencies:
    "@types/node": ^22.2.0
    node: ^22.4.0
  languageName: unknown
  linkType: soft

"node-bin-setup@npm:^1.0.0":
  version: 1.1.3
  resolution: "node-bin-setup@npm:1.1.3"
  checksum: ae09c036dde8133f5226dc984445a8bdecc9b56078fd091f9e243e3965e544275f4786054041db60cc4ebc2957a5e44e8f316dfc15d100f3988ee2d04661d4bf
  languageName: node
  linkType: hard

"node@npm:^22.4.0":
  version: 22.6.0
  resolution: "node@npm:22.6.0"
  dependencies:
    node-bin-setup: ^1.0.0
  bin:
    node: bin/node
  checksum: 3aaf4b9e18ce84aa100beff6d096d3ef12fcedb223936622a7af838ae5557fc829ec4eac8f21d3cce5cee31a77cb74dc767b2df1cef3c636e586d36000285160
  languageName: node
  linkType: hard

"undici-types@npm:~6.13.0":
  version: 6.13.0
  resolution: "undici-types@npm:6.13.0"
  checksum: 9d0ef6bf58994bebbea6a4ab75f381c69a89a7ed151bfbae0d4ef95450d56502c9eccb323abf17b7d099c1d9c1cbae62e909e4dfeb8d204612d2f1fdada24707
  languageName: node
  linkType: hard
